
Microsoft Visual Studio Solution File, Format Version 12.00
# Visual Studio 15
VisualStudioVersion = 15.0.28010.2016
MinimumVisualStudioVersion = 10.0.40219.1
Project("{9A19103F-16F7-4668-BE54-9A1E7A4F7556}") = "RCheetah", "RCheetah.csproj", "{F13DF25E-4320-4B90-BD3E-FE7422FA5EFD}"
EndProject
Global
	GlobalSection(SolutionConfigurationPlatforms) = preSolution
		Debug|Any CPU = Debug|Any CPU
		Release|Any CPU = Release|Any CPU
	EndGlobalSection
	GlobalSection(ProjectConfigurationPlatforms) = postSolution
		{F13DF25E-4320-4B90-BD3E-FE7422FA5EFD}.Debug|Any CPU.ActiveCfg = Debug|Any CPU
		{F13DF25E-4320-4B90-BD3E-FE7422FA5EFD}.Debug|Any CPU.Build.0 = Debug|Any CPU
		{F13DF25E-4320-4B90-BD3E-FE7422FA5EFD}.Release|Any CPU.ActiveCfg = Release|Any CPU
		{F13DF25E-4320-4B90-BD3E-FE7422FA5EFD}.Release|Any CPU.Build.0 = Release|Any CPU
	EndGlobalSection
	GlobalSection(SolutionProperties) = preSolution
		HideSolutionNode = FALSE
	EndGlobalSection
	GlobalSection(ExtensibilityGlobals) = postSolution
		SolutionGuid = {324E0CB9-7173-4118-B706-00EABE074145}
	EndGlobalSection
EndGlobal
